// !$*UTF8*$!
{
	archiveVersion = 1;
	classes = {
	};
	objectVersion = 46;
	objects = {

/* Begin PBXBuildFile section */
		228739901899BED100A88A1F /* RWRibbon.png in Resources */ = {isa = PBXBuildFile; fileRef = 2287398F1899BED100A88A1F /* RWRibbon.png */; };
		228739921899BED800A88A1F /* RWRibbon@2x.png in Resources */ = {isa = PBXBuildFile; fileRef = 228739911899BED800A88A1F /* RWRibbon@2x.png */; };
		22B26284188F31370007D0D4 /* Foundation.framework in Frameworks */ = {isa = PBXBuildFile; fileRef = 22B26283188F31370007D0D4 /* Foundation.framework */; };
		22B26286188F31370007D0D4 /* CoreGraphics.framework in Frameworks */ = {isa = PBXBuildFile; fileRef = 22B26285188F31370007D0D4 /* CoreGraphics.framework */; };
		22B26288188F31370007D0D4 /* UIKit.framework in Frameworks */ = {isa = PBXBuildFile; fileRef = 22B26287188F31370007D0D4 /* UIKit.framework */; };
		22B2628E188F31370007D0D4 /* InfoPlist.strings in Resources */ = {isa = PBXBuildFile; fileRef = 22B2628C188F31370007D0D4 /* InfoPlist.strings */; };
		22B26290188F31370007D0D4 /* main.m in Sources */ = {isa = PBXBuildFile; fileRef = 22B2628F188F31370007D0D4 /* main.m */; };
		22B26294188F31370007D0D4 /* RWAppDelegate.m in Sources */ = {isa = PBXBuildFile; fileRef = 22B26293188F31370007D0D4 /* RWAppDelegate.m */; };
		22B2629C188F31370007D0D4 /* Images.xcassets in Resources */ = {isa = PBXBuildFile; fileRef = 22B2629B188F31370007D0D4 /* Images.xcassets */; };
		22B262A3188F31370007D0D4 /* XCTest.framework in Frameworks */ = {isa = PBXBuildFile; fileRef = 22B262A2188F31370007D0D4 /* XCTest.framework */; };
		22B262A4188F31370007D0D4 /* Foundation.framework in Frameworks */ = {isa = PBXBuildFile; fileRef = 22B26283188F31370007D0D4 /* Foundation.framework */; };
		22B262A5188F31370007D0D4 /* UIKit.framework in Frameworks */ = {isa = PBXBuildFile; fileRef = 22B26287188F31370007D0D4 /* UIKit.framework */; };
		22B262AD188F31370007D0D4 /* InfoPlist.strings in Resources */ = {isa = PBXBuildFile; fileRef = 22B262AB188F31370007D0D4 /* InfoPlist.strings */; };
		22B262AF188F31370007D0D4 /* UIControlDevAppTests.m in Sources */ = {isa = PBXBuildFile; fileRef = 22B262AE188F31370007D0D4 /* UIControlDevAppTests.m */; };
		22B262CC188F32A20007D0D4 /* libRWUIControls.a in Frameworks */ = {isa = PBXBuildFile; fileRef = 22B262C7188F323C0007D0D4 /* libRWUIControls.a */; };
		22B262CF188F33C00007D0D4 /* RWViewController.m in Sources */ = {isa = PBXBuildFile; fileRef = 22B262CE188F33C00007D0D4 /* RWViewController.m */; };
		22B262D1188F33CD0007D0D4 /* Main.storyboard in Resources */ = {isa = PBXBuildFile; fileRef = 22B262D0188F33CD0007D0D4 /* Main.storyboard */; };
/* End PBXBuildFile section */

/* Begin PBXContainerItemProxy section */
		22B262A6188F31370007D0D4 /* PBXContainerItemProxy */ = {
			isa = PBXContainerItemProxy;
			containerPortal = 22B26278188F31370007D0D4 /* Project object */;
			proxyType = 1;
			remoteGlobalIDString = 22B2627F188F31370007D0D4;
			remoteInfo = UIControlDevApp;
		};
		22B262C6188F323C0007D0D4 /* PBXContainerItemProxy */ = {
			isa = PBXContainerItemProxy;
			containerPortal = 22B262C1188F323C0007D0D4 /* RWUIControls.xcodeproj */;
			proxyType = 2;
			remoteGlobalIDString = 22B261FC188F29750007D0D4;
			remoteInfo = RWUIControls;
		};
		22B262C8188F323C0007D0D4 /* PBXContainerItemProxy */ = {
			isa = PBXContainerItemProxy;
			containerPortal = 22B262C1188F323C0007D0D4 /* RWUIControls.xcodeproj */;
			proxyType = 2;
			remoteGlobalIDString = 22B2620C188F29750007D0D4;
			remoteInfo = RWUIControlsTests;
		};
		22B262CA188F32890007D0D4 /* PBXContainerItemProxy */ = {
			isa = PBXContainerItemProxy;
			containerPortal = 22B262C1188F323C0007D0D4 /* RWUIControls.xcodeproj */;
			proxyType = 1;
			remoteGlobalIDString = 22B261FB188F29750007D0D4;
			remoteInfo = RWUIControls;
		};
/* End PBXContainerItemProxy section */

/* Begin PBXFileReference section */
		2287398F1899BED100A88A1F /* RWRibbon.png */ = {isa = PBXFileReference; lastKnownFileType = image.png; path = RWRibbon.png; sourceTree = "<group>"; };
		228739911899BED800A88A1F /* RWRibbon@2x.png */ = {isa = PBXFileReference; lastKnownFileType = image.png; path = "RWRibbon@2x.png"; sourceTree = "<group>"; };
		22B26280188F31370007D0D4 /* UIControlDevApp.app */ = {isa = PBXFileReference; explicitFileType = wrapper.application; includeInIndex = 0; path = UIControlDevApp.app; sourceTree = BUILT_PRODUCTS_DIR; };
		22B26283188F31370007D0D4 /* Foundation.framework */ = {isa = PBXFileReference; lastKnownFileType = wrapper.framework; name = Foundation.framework; path = System/Library/Frameworks/Foundation.framework; sourceTree = SDKROOT; };
		22B26285188F31370007D0D4 /* CoreGraphics.framework */ = {isa = PBXFileReference; lastKnownFileType = wrapper.framework; name = CoreGraphics.framework; path = System/Library/Frameworks/CoreGraphics.framework; sourceTree = SDKROOT; };
		22B26287188F31370007D0D4 /* UIKit.framework */ = {isa = PBXFileReference; lastKnownFileType = wrapper.framework; name = UIKit.framework; path = System/Library/Frameworks/UIKit.framework; sourceTree = SDKROOT; };
		22B2628B188F31370007D0D4 /* UIControlDevApp-Info.plist */ = {isa = PBXFileReference; lastKnownFileType = text.plist.xml; path = "UIControlDevApp-Info.plist"; sourceTree = "<group>"; };
		22B2628D188F31370007D0D4 /* en */ = {isa = PBXFileReference; lastKnownFileType = text.plist.strings; name = en; path = en.lproj/InfoPlist.strings; sourceTree = "<group>"; };
		22B2628F188F31370007D0D4 /* main.m */ = {isa = PBXFileReference; lastKnownFileType = sourcecode.c.objc; path = main.m; sourceTree = "<group>"; };
		22B26291188F31370007D0D4 /* UIControlDevApp-Prefix.pch */ = {isa = PBXFileReference; lastKnownFileType = sourcecode.c.h; path = "UIControlDevApp-Prefix.pch"; sourceTree = "<group>"; };
		22B26292188F31370007D0D4 /* RWAppDelegate.h */ = {isa = PBXFileReference; lastKnownFileType = sourcecode.c.h; path = RWAppDelegate.h; sourceTree = "<group>"; };
		22B26293188F31370007D0D4 /* RWAppDelegate.m */ = {isa = PBXFileReference; lastKnownFileType = sourcecode.c.objc; path = RWAppDelegate.m; sourceTree = "<group>"; };
		22B2629B188F31370007D0D4 /* Images.xcassets */ = {isa = PBXFileReference; lastKnownFileType = folder.assetcatalog; path = Images.xcassets; sourceTree = "<group>"; };
		22B262A1188F31370007D0D4 /* UIControlDevAppTests.xctest */ = {isa = PBXFileReference; explicitFileType = wrapper.cfbundle; includeInIndex = 0; path = UIControlDevAppTests.xctest; sourceTree = BUILT_PRODUCTS_DIR; };
		22B262A2188F31370007D0D4 /* XCTest.framework */ = {isa = PBXFileReference; lastKnownFileType = wrapper.framework; name = XCTest.framework; path = Library/Frameworks/XCTest.framework; sourceTree = DEVELOPER_DIR; };
		22B262AA188F31370007D0D4 /* UIControlDevAppTests-Info.plist */ = {isa = PBXFileReference; lastKnownFileType = text.plist.xml; path = "UIControlDevAppTests-Info.plist"; sourceTree = "<group>"; };
		22B262AC188F31370007D0D4 /* en */ = {isa = PBXFileReference; lastKnownFileType = text.plist.strings; name = en; path = en.lproj/InfoPlist.strings; sourceTree = "<group>"; };
		22B262AE188F31370007D0D4 /* UIControlDevAppTests.m */ = {isa = PBXFileReference; lastKnownFileType = sourcecode.c.objc; path = UIControlDevAppTests.m; sourceTree = "<group>"; };
		22B262C1188F323C0007D0D4 /* RWUIControls.xcodeproj */ = {isa = PBXFileReference; lastKnownFileType = "wrapper.pb-project"; name = RWUIControls.xcodeproj; path = ../RWUIControls/RWUIControls.xcodeproj; sourceTree = "<group>"; };
		22B262CD188F33C00007D0D4 /* RWViewController.h */ = {isa = PBXFileReference; fileEncoding = 4; lastKnownFileType = sourcecode.c.h; path = RWViewController.h; sourceTree = "<group>"; };
		22B262CE188F33C00007D0D4 /* RWViewController.m */ = {isa = PBXFileReference; fileEncoding = 4; lastKnownFileType = sourcecode.c.objc; path = RWViewController.m; sourceTree = "<group>"; };
		22B262D0188F33CD0007D0D4 /* Main.storyboard */ = {isa = PBXFileReference; fileEncoding = 4; lastKnownFileType = file.storyboard; path = Main.storyboard; sourceTree = "<group>"; };
/* End PBXFileReference section */

/* Begin PBXFrameworksBuildPhase section */
		22B2627D188F31370007D0D4 /* Frameworks */ = {
			isa = PBXFrameworksBuildPhase;
			buildActionMask = 2147483647;
			files = (
				22B262CC188F32A20007D0D4 /* libRWUIControls.a in Frameworks */,
				22B26286188F31370007D0D4 /* CoreGraphics.framework in Frameworks */,
				22B26288188F31370007D0D4 /* UIKit.framework in Frameworks */,
				22B26284188F31370007D0D4 /* Foundation.framework in Frameworks */,
			);
			runOnlyForDeploymentPostprocessing = 0;
		};
		22B2629E188F31370007D0D4 /* Frameworks */ = {
			isa = PBXFrameworksBuildPhase;
			buildActionMask = 2147483647;
			files = (
				22B262A3188F31370007D0D4 /* XCTest.framework in Frameworks */,
				22B262A5188F31370007D0D4 /* UIKit.framework in Frameworks */,
				22B262A4188F31370007D0D4 /* Foundation.framework in Frameworks */,
			);
			runOnlyForDeploymentPostprocessing = 0;
		};
/* End PBXFrameworksBuildPhase section */

/* Begin PBXGroup section */
		22B26277188F31370007D0D4 = {
			isa = PBXGroup;
			children = (
				22B262C1188F323C0007D0D4 /* RWUIControls.xcodeproj */,
				22B26289188F31370007D0D4 /* UIControlDevApp */,
				22B262A8188F31370007D0D4 /* UIControlDevAppTests */,
				22B26282188F31370007D0D4 /* Frameworks */,
				22B26281188F31370007D0D4 /* Products */,
			);
			sourceTree = "<group>";
		};
		22B26281188F31370007D0D4 /* Products */ = {
			isa = PBXGroup;
			children = (
				22B26280188F31370007D0D4 /* UIControlDevApp.app */,
				22B262A1188F31370007D0D4 /* UIControlDevAppTests.xctest */,
			);
			name = Products;
			sourceTree = "<group>";
		};
		22B26282188F31370007D0D4 /* Frameworks */ = {
			isa = PBXGroup;
			children = (
				22B26283188F31370007D0D4 /* Foundation.framework */,
				22B26285188F31370007D0D4 /* CoreGraphics.framework */,
				22B26287188F31370007D0D4 /* UIKit.framework */,
				22B262A2188F31370007D0D4 /* XCTest.framework */,
			);
			name = Frameworks;
			sourceTree = "<group>";
		};
		22B26289188F31370007D0D4 /* UIControlDevApp */ = {
			isa = PBXGroup;
			children = (
				228739911899BED800A88A1F /* RWRibbon@2x.png */,
				2287398F1899BED100A88A1F /* RWRibbon.png */,
				22B262D0188F33CD0007D0D4 /* Main.storyboard */,
				22B262CD188F33C00007D0D4 /* RWViewController.h */,
				22B262CE188F33C00007D0D4 /* RWViewController.m */,
				22B26292188F31370007D0D4 /* RWAppDelegate.h */,
				22B26293188F31370007D0D4 /* RWAppDelegate.m */,
				22B2629B188F31370007D0D4 /* Images.xcassets */,
				22B2628A188F31370007D0D4 /* Supporting Files */,
			);
			path = UIControlDevApp;
			sourceTree = "<group>";
		};
		22B2628A188F31370007D0D4 /* Supporting Files */ = {
			isa = PBXGroup;
			children = (
				22B2628B188F31370007D0D4 /* UIControlDevApp-Info.plist */,
				22B2628C188F31370007D0D4 /* InfoPlist.strings */,
				22B2628F188F31370007D0D4 /* main.m */,
				22B26291188F31370007D0D4 /* UIControlDevApp-Prefix.pch */,
			);
			name = "Supporting Files";
			sourceTree = "<group>";
		};
		22B262A8188F31370007D0D4 /* UIControlDevAppTests */ = {
			isa = PBXGroup;
			children = (
				22B262AE188F31370007D0D4 /* UIControlDevAppTests.m */,
				22B262A9188F31370007D0D4 /* Supporting Files */,
			);
			path = UIControlDevAppTests;
			sourceTree = "<group>";
		};
		22B262A9188F31370007D0D4 /* Supporting Files */ = {
			isa = PBXGroup;
			children = (
				22B262AA188F31370007D0D4 /* UIControlDevAppTests-Info.plist */,
				22B262AB188F31370007D0D4 /* InfoPlist.strings */,
			);
			name = "Supporting Files";
			sourceTree = "<group>";
		};
		22B262C2188F323C0007D0D4 /* Products */ = {
			isa = PBXGroup;
			children = (
				22B262C7188F323C0007D0D4 /* libRWUIControls.a */,
				22B262C9188F323C0007D0D4 /* RWUIControlsTests.xctest */,
			);
			name = Products;
			sourceTree = "<group>";
		};
/* End PBXGroup section */

/* Begin PBXNativeTarget section */
		22B2627F188F31370007D0D4 /* UIControlDevApp */ = {
			isa = PBXNativeTarget;
			buildConfigurationList = 22B262B2188F31370007D0D4 /* Build configuration list for PBXNativeTarget "UIControlDevApp" */;
			buildPhases = (
				22B2627C188F31370007D0D4 /* Sources */,
				22B2627D188F31370007D0D4 /* Frameworks */,
				22B2627E188F31370007D0D4 /* Resources */,
			);
			buildRules = (
			);
			dependencies = (
				22B262CB188F32890007D0D4 /* PBXTargetDependency */,
			);
			name = UIControlDevApp;
			productName = UIControlDevApp;
			productReference = 22B26280188F31370007D0D4 /* UIControlDevApp.app */;
			productType = "com.apple.product-type.application";
		};
		22B262A0188F31370007D0D4 /* UIControlDevAppTests */ = {
			isa = PBXNativeTarget;
			buildConfigurationList = 22B262B5188F31370007D0D4 /* Build configuration list for PBXNativeTarget "UIControlDevAppTests" */;
			buildPhases = (
				22B2629D188F31370007D0D4 /* Sources */,
				22B2629E188F31370007D0D4 /* Frameworks */,
				22B2629F188F31370007D0D4 /* Resources */,
			);
			buildRules = (
			);
			dependencies = (
				22B262A7188F31370007D0D4 /* PBXTargetDependency */,
			);
			name = UIControlDevAppTests;
			productName = UIControlDevAppTests;
			productReference = 22B262A1188F31370007D0D4 /* UIControlDevAppTests.xctest */;
			productType = "com.apple.product-type.bundle.unit-test";
		};
/* End PBXNativeTarget section */

/* Begin PBXProject section */
		22B26278188F31370007D0D4 /* Project object */ = {
			isa = PBXProject;
			attributes = {
				CLASSPREFIX = RW;
				LastUpgradeCheck = 0500;
				ORGANIZATIONNAME = RayWenderlich;
				TargetAttributes = {
					22B262A0188F31370007D0D4 = {
						TestTargetID = 22B2627F188F31370007D0D4;
					};
				};
			};
			buildConfigurationList = 22B2627B188F31370007D0D4 /* Build configuration list for PBXProject "UIControlDevApp" */;
			compatibilityVersion = "Xcode 3.2";
			developmentRegion = English;
			hasScannedForEncodings = 0;
			knownRegions = (
				en,
				Base,
			);
			mainGroup = 22B26277188F31370007D0D4;
			productRefGroup = 22B26281188F31370007D0D4 /* Products */;
			projectDirPath = "";
			projectReferences = (
				{
					ProductGroup = 22B262C2188F323C0007D0D4 /* Products */;
					ProjectRef = 22B262C1188F323C0007D0D4 /* RWUIControls.xcodeproj */;
				},
			);
			projectRoot = "";
			targets = (
				22B2627F188F31370007D0D4 /* UIControlDevApp */,
				22B262A0188F31370007D0D4 /* UIControlDevAppTests */,
			);
		};
/* End PBXProject section */

/* Begin PBXReferenceProxy section */
		22B262C7188F323C0007D0D4 /* libRWUIControls.a */ = {
			isa = PBXReferenceProxy;
			fileType = archive.ar;
			path = libRWUIControls.a;
			remoteRef = 22B262C6188F323C0007D0D4 /* PBXContainerItemProxy */;
			sourceTree = BUILT_PRODUCTS_DIR;
		};
		22B262C9188F323C0007D0D4 /* RWUIControlsTests.xctest */ = {
			isa = PBXReferenceProxy;
			fileType = wrapper.cfbundle;
			path = RWUIControlsTests.xctest;
			remoteRef = 22B262C8188F323C0007D0D4 /* PBXContainerItemProxy */;
			sourceTree = BUILT_PRODUCTS_DIR;
		};
/* End PBXReferenceProxy section */

/* Begin PBXResourcesBuildPhase section */
		22B2627E188F31370007D0D4 /* Resources */ = {
			isa = PBXResourcesBuildPhase;
			buildActionMask = 2147483647;
			files = (
				228739901899BED100A88A1F /* RWRibbon.png in Resources */,
				22B262D1188F33CD0007D0D4 /* Main.storyboard in Resources */,
				228739921899BED800A88A1F /* RWRibbon@2x.png in Resources */,
				22B2629C188F31370007D0D4 /* Images.xcassets in Resources */,
				22B2628E188F31370007D0D4 /* InfoPlist.strings in Resources */,
			);
			runOnlyForDeploymentPostprocessing = 0;
		};
		22B2629F188F31370007D0D4 /* Resources */ = {
			isa = PBXResourcesBuildPhase;
			buildActionMask = 2147483647;
			files = (
				22B262AD188F31370007D0D4 /* InfoPlist.strings in Resources */,
			);
			runOnlyForDeploymentPostprocessing = 0;
		};
/* End PBXResourcesBuildPhase section */

/* Begin PBXSourcesBuildPhase section */
		22B2627C188F31370007D0D4 /* Sources */ = {
			isa = PBXSourcesBuildPhase;
			buildActionMask = 2147483647;
			files = (
				22B26290188F31370007D0D4 /* main.m in Sources */,
				22B262CF188F33C00007D0D4 /* RWViewController.m in Sources */,
				22B26294188F31370007D0D4 /* RWAppDelegate.m in Sources */,
			);
			runOnlyForDeploymentPostprocessing = 0;
		};
		22B2629D188F31370007D0D4 /* Sources */ = {
			isa = PBXSourcesBuildPhase;
			buildActionMask = 2147483647;
			files = (
				22B262AF188F31370007D0D4 /* UIControlDevAppTests.m in Sources */,
			);
			runOnlyForDeploymentPostprocessing = 0;
		};
/* End PBXSourcesBuildPhase section */

/* Begin PBXTargetDependency section */
		22B262A7188F31370007D0D4 /* PBXTargetDependency */ = {
			isa = PBXTargetDependency;
			target = 22B2627F188F31370007D0D4 /* UIControlDevApp */;
			targetProxy = 22B262A6188F31370007D0D4 /* PBXContainerItemProxy */;
		};
		22B262CB188F32890007D0D4 /* PBXTargetDependency */ = {
			isa = PBXTargetDependency;
			name = RWUIControls;
			targetProxy = 22B262CA188F32890007D0D4 /* PBXContainerItemProxy */;
		};
/* End PBXTargetDependency section */

/* Begin PBXVariantGroup section */
		22B2628C188F31370007D0D4 /* InfoPlist.strings */ = {
			isa = PBXVariantGroup;
			children = (
				22B2628D188F31370007D0D4 /* en */,
			);
			name = InfoPlist.strings;
			sourceTree = "<group>";
		};
		22B262AB188F31370007D0D4 /* InfoPlist.strings */ = {
			isa = PBXVariantGroup;
			children = (
				22B262AC188F31370007D0D4 /* en */,
			);
			name = InfoPlist.strings;
			sourceTree = "<group>";
		};
/* End PBXVariantGroup section */

/* Begin XCBuildConfiguration section */
		22B262B0188F31370007D0D4 /* Debug */ = {
			isa = XCBuildConfiguration;
			buildSettings = {
				ALWAYS_SEARCH_USER_PATHS = NO;
				ARCHS = "$(ARCHS_STANDARD_INCLUDING_64_BIT)";
				CLANG_CXX_LANGUAGE_STANDARD = "gnu++0x";
				CLANG_CXX_LIBRARY = "libc++";
				CLANG_ENABLE_MODULES = YES;
				CLANG_ENABLE_OBJC_ARC = YES;
				CLANG_WARN_BOOL_CONVERSION = YES;
				CLANG_WARN_CONSTANT_CONVERSION = YES;
				CLANG_WARN_DIRECT_OBJC_ISA_USAGE = YES_ERROR;
				CLANG_WARN_EMPTY_BODY = YES;
				CLANG_WARN_ENUM_CONVERSION = YES;
				CLANG_WARN_INT_CONVERSION = YES;
				CLANG_WARN_OBJC_ROOT_CLASS = YES_ERROR;
				CLANG_WARN__DUPLICATE_METHOD_MATCH = YES;
				"CODE_SIGN_IDENTITY[sdk=iphoneos*]" = "iPhone Developer";
				COPY_PHASE_STRIP = NO;
				GCC_C_LANGUAGE_STANDARD = gnu99;
				GCC_DYNAMIC_NO_PIC = NO;
				GCC_OPTIMIZATION_LEVEL = 0;
				GCC_PREPROCESSOR_DEFINITIONS = (
					"DEBUG=1",
					"$(inherited)",
				);
				GCC_SYMBOLS_PRIVATE_EXTERN = NO;
				GCC_WARN_64_TO_32_BIT_CONVERSION = YES;
				GCC_WARN_ABOUT_RETURN_TYPE = YES_ERROR;
				GCC_WARN_UNDECLARED_SELECTOR = YES;
				GCC_WARN_UNINITIALIZED_AUTOS = YES;
				GCC_WARN_UNUSED_FUNCTION = YES;
				GCC_WARN_UNUSED_VARIABLE = YES;
				IPHONEOS_DEPLOYMENT_TARGET = 7.0;
				ONLY_ACTIVE_ARCH = YES;
				SDKROOT = iphoneos;
			};
			name = Debug;
		};
		22B262B1188F31370007D0D4 /* Release */ = {
			isa = XCBuildConfiguration;
			buildSettings = {
				ALWAYS_SEARCH_USER_PATHS = NO;
				ARCHS = "$(ARCHS_STANDARD_INCLUDING_64_BIT)";
				CLANG_CXX_LANGUAGE_STANDARD = "gnu++0x";
				CLANG_CXX_LIBRARY = "libc++";
				CLANG_ENABLE_MODULES = YES;
				CLANG_ENABLE_OBJC_ARC = YES;
				CLANG_WARN_BOOL_CONVERSION = YES;
				CLANG_WARN_CONSTANT_CONVERSION = YES;
				CLANG_WARN_DIRECT_OBJC_ISA_USAGE = YES_ERROR;
				CLANG_WARN_EMPTY_BODY = YES;
				CLANG_WARN_ENUM_CONVERSION = YES;
				CLANG_WARN_INT_CONVERSION = YES;
				CLANG_WARN_OBJC_ROOT_CLASS = YES_ERROR;
				CLANG_WARN__DUPLICATE_METHOD_MATCH = YES;
				"CODE_SIGN_IDENTITY[sdk=iphoneos*]" = "iPhone Developer";
				COPY_PHASE_STRIP = YES;
				ENABLE_NS_ASSERTIONS = NO;
				GCC_C_LANGUAGE_STANDARD = gnu99;
				GCC_WARN_64_TO_32_BIT_CONVERSION = YES;
				GCC_WARN_ABOUT_RETURN_TYPE = YES_ERROR;
				GCC_WARN_UNDECLARED_SELECTOR = YES;
				GCC_WARN_UNINITIALIZED_AUTOS = YES;
				GCC_WARN_UNUSED_FUNCTION = YES;
				GCC_WARN_UNUSED_VARIABLE = YES;
				IPHONEOS_DEPLOYMENT_TARGET = 7.0;
				SDKROOT = iphoneos;
				VALIDATE_PRODUCT = YES;
			};
			name = Release;
		};
		22B262B3188F31370007D0D4 /* Debug */ = {
			isa = XCBuildConfiguration;
			buildSettings = {
				ASSETCATALOG_COMPILER_APPICON_NAME = AppIcon;
				ASSETCATALOG_COMPILER_LAUNCHIMAGE_NAME = LaunchImage;
				GCC_PRECOMPILE_PREFIX_HEADER = YES;
				GCC_PREFIX_HEADER = "UIControlDevApp/UIControlDevApp-Prefix.pch";
				INFOPLIST_FILE = "UIControlDevApp/UIControlDevApp-Info.plist";
				PRODUCT_NAME = "$(TARGET_NAME)";
				WRAPPER_EXTENSION = app;
			};
			name = Debug;
		};
		22B262B4188F31370007D0D4 /* Release */ = {
			isa = XCBuildConfiguration;
			buildSettings = {
				ASSETCATALOG_COMPILER_APPICON_NAME = AppIcon;
				ASSETCATALOG_COMPILER_LAUNCHIMAGE_NAME = LaunchImage;
				GCC_PRECOMPILE_PREFIX_HEADER = YES;
				GCC_PREFIX_HEADER = "UIControlDevApp/UIControlDevApp-Prefix.pch";
				INFOPLIST_FILE = "UIControlDevApp/UIControlDevApp-Info.plist";
				PRODUCT_NAME = "$(TARGET_NAME)";
				WRAPPER_EXTENSION = app;
			};
			name = Release;
		};
		22B262B6188F31370007D0D4 /* Debug */ = {
			isa = XCBuildConfiguration;
			buildSettings = {
				ARCHS = "$(ARCHS_STANDARD_INCLUDING_64_BIT)";
				BUNDLE_LOADER = "$(BUILT_PRODUCTS_DIR)/UIControlDevApp.app/UIControlDevApp";
				FRAMEWORK_SEARCH_PATHS = (
					"$(SDKROOT)/Developer/Library/Frameworks",
					"$(inherited)",
					"$(DEVELOPER_FRAMEWORKS_DIR)",
				);
				GCC_PRECOMPILE_PREFIX_HEADER = YES;
				GCC_PREFIX_HEADER = "UIControlDevApp/UIControlDevApp-Prefix.pch";
				GCC_PREPROCESSOR_DEFINITIONS = (
					"DEBUG=1",
					"$(inherited)",
				);
				INFOPLIST_FILE = "UIControlDevAppTests/UIControlDevAppTests-Info.plist";
				PRODUCT_NAME = "$(TARGET_NAME)";
				TEST_HOST = "$(BUNDLE_LOADER)";
				WRAPPER_EXTENSION = xctest;
			};
			name = Debug;
		};
		22B262B7188F31370007D0D4 /* Release */ = {
			isa = XCBuildConfiguration;
			buildSettings = {
				ARCHS = "$(ARCHS_STANDARD_INCLUDING_64_BIT)";
				BUNDLE_LOADER = "$(BUILT_PRODUCTS_DIR)/UIControlDevApp.app/UIControlDevApp";
				FRAMEWORK_SEARCH_PATHS = (
					"$(SDKROOT)/Developer/Library/Frameworks",
					"$(inherited)",
					"$(DEVELOPER_FRAMEWORKS_DIR)",
				);
				GCC_PRECOMPILE_PREFIX_HEADER = YES;
				GCC_PREFIX_HEADER = "UIControlDevApp/UIControlDevApp-Prefix.pch";
				INFOPLIST_FILE = "UIControlDevAppTests/UIControlDevAppTests-Info.plist";
				PRODUCT_NAME = "$(TARGET_NAME)";
				TEST_HOST = "$(BUNDLE_LOADER)";
				WRAPPER_EXTENSION = xctest;
			};
			name = Release;
		};
/* End XCBuildConfiguration section */

/* Begin XCConfigurationList section */
		22B2627B188F31370007D0D4 /* Build configuration list for PBXProject "UIControlDevApp" */ = {
			isa = XCConfigurationList;
			buildConfigurations = (
				22B262B0188F31370007D0D4 /* Debug */,
				22B262B1188F31370007D0D4 /* Release */,
			);
			defaultConfigurationIsVisible = 0;
			defaultConfigurationName = Release;
		};
		22B262B2188F31370007D0D4 /* Build configuration list for PBXNativeTarget "UIControlDevApp" */ = {
			isa = XCConfigurationList;
			buildConfigurations = (
				22B262B3188F31370007D0D4 /* Debug */,
				22B262B4188F31370007D0D4 /* Release */,
			);
			defaultConfigurationIsVisible = 0;
			defaultConfigurationName = Release;
		};
		22B262B5188F31370007D0D4 /* Build configuration list for PBXNativeTarget "UIControlDevAppTests" */ = {
			isa = XCConfigurationList;
			buildConfigurations = (
				22B262B6188F31370007D0D4 /* Debug */,
				22B262B7188F31370007D0D4 /* Release */,
			);
			defaultConfigurationIsVisible = 0;
			defaultConfigurationName = Release;
		};
/* End XCConfigurationList section */
	};
	rootObject = 22B26278188F31370007D0D4 /* Project object */;
}
