// !$*UTF8*$!
{
	archiveVersion = 1;
	classes = {
	};
	objectVersion = 46;
	objects = {

/* Begin PBXAggregateTarget section */
		22F3A8CD1891C1C20012391C /* Framework */ = {
			isa = PBXAggregateTarget;
			buildConfigurationList = 22F3A8CE1891C1C20012391C /* Build configuration list for PBXAggregateTarget "Framework" */;
			buildPhases = (
				22F3A8D31891C2910012391C /* Build Other Platform */,
			);
			dependencies = (
				228739A71899C41E00A88A1F /* PBXTargetDependency */,
				22F3A8D21891C2230012391C /* PBXTargetDependency */,
			);
			name = Framework;
			productName = Framework;
		};
/* End PBXAggregateTarget section */

/* Begin PBXBuildFile section */
		228739991899C29300A88A1F /* CoreFoundation.framework in Frameworks */ = {isa = PBXBuildFile; fileRef = 228739981899C29300A88A1F /* CoreFoundation.framework */; };
		2287399F1899C29300A88A1F /* InfoPlist.strings in Resources */ = {isa = PBXBuildFile; fileRef = 2287399D1899C29300A88A1F /* InfoPlist.strings */; };
		228739A41899C3CF00A88A1F /* RWRibbon@2x.png in Resources */ = {isa = PBXBuildFile; fileRef = 2287398E1899BAFC00A88A1F /* RWRibbon@2x.png */; };
		228739A51899C3D300A88A1F /* RWRibbon.png in Resources */ = {isa = PBXBuildFile; fileRef = 2287398D1899B9FB00A88A1F /* RWRibbon.png */; };
		22B26200188F29750007D0D4 /* Foundation.framework in Frameworks */ = {isa = PBXBuildFile; fileRef = 22B261FF188F29750007D0D4 /* Foundation.framework */; };
		22B2620E188F29750007D0D4 /* XCTest.framework in Frameworks */ = {isa = PBXBuildFile; fileRef = 22B2620D188F29750007D0D4 /* XCTest.framework */; };
		22B2620F188F29750007D0D4 /* Foundation.framework in Frameworks */ = {isa = PBXBuildFile; fileRef = 22B261FF188F29750007D0D4 /* Foundation.framework */; };
		22B26214188F29750007D0D4 /* libRWUIControls.a in Frameworks */ = {isa = PBXBuildFile; fileRef = 22B261FC188F29750007D0D4 /* libRWUIControls.a */; };
		22B2621A188F29750007D0D4 /* InfoPlist.strings in Resources */ = {isa = PBXBuildFile; fileRef = 22B26218188F29750007D0D4 /* InfoPlist.strings */; };
		22B2621C188F29750007D0D4 /* RWUIControlsTests.m in Sources */ = {isa = PBXBuildFile; fileRef = 22B2621B188F29750007D0D4 /* RWUIControlsTests.m */; };
		22B26226188F2A140007D0D4 /* UIKit.framework in Frameworks */ = {isa = PBXBuildFile; fileRef = 22B26225188F2A140007D0D4 /* UIKit.framework */; };
		22B26228188F2AB20007D0D4 /* RWUIControls.h in Headers */ = {isa = PBXBuildFile; fileRef = 22B26204188F29750007D0D4 /* RWUIControls.h */; settings = {ATTRIBUTES = (Public, ); }; };
		22B26230188F2BD50007D0D4 /* RWKnobControl.h in Headers */ = {isa = PBXBuildFile; fileRef = 22B2622A188F2BD50007D0D4 /* RWKnobControl.h */; settings = {ATTRIBUTES = (Public, ); }; };
		22B26231188F2BD50007D0D4 /* RWKnobControl.m in Sources */ = {isa = PBXBuildFile; fileRef = 22B2622B188F2BD50007D0D4 /* RWKnobControl.m */; };
		22B26232188F2BD50007D0D4 /* RWKnobRenderer.h in Headers */ = {isa = PBXBuildFile; fileRef = 22B2622C188F2BD50007D0D4 /* RWKnobRenderer.h */; };
		22B26233188F2BD50007D0D4 /* RWKnobRenderer.m in Sources */ = {isa = PBXBuildFile; fileRef = 22B2622D188F2BD50007D0D4 /* RWKnobRenderer.m */; };
		22B26234188F2BD50007D0D4 /* RWRotationGestureRecognizer.h in Headers */ = {isa = PBXBuildFile; fileRef = 22B2622E188F2BD50007D0D4 /* RWRotationGestureRecognizer.h */; };
		22B26235188F2BD50007D0D4 /* RWRotationGestureRecognizer.m in Sources */ = {isa = PBXBuildFile; fileRef = 22B2622F188F2BD50007D0D4 /* RWRotationGestureRecognizer.m */; };
		22DB6CD4188F372A0017A414 /* RWUIControls.h in CopyFiles */ = {isa = PBXBuildFile; fileRef = 22B26204188F29750007D0D4 /* RWUIControls.h */; };
		22DB6CD5188F372A0017A414 /* RWKnobControl.h in CopyFiles */ = {isa = PBXBuildFile; fileRef = 22B2622A188F2BD50007D0D4 /* RWKnobControl.h */; };
		22F3A8E31899AFE30012391C /* RWRibbonView.h in Headers */ = {isa = PBXBuildFile; fileRef = 22F3A8E11899AFE30012391C /* RWRibbonView.h */; settings = {ATTRIBUTES = (Public, ); }; };
		22F3A8E41899AFE30012391C /* RWRibbonView.m in Sources */ = {isa = PBXBuildFile; fileRef = 22F3A8E21899AFE30012391C /* RWRibbonView.m */; };
/* End PBXBuildFile section */

/* Begin PBXContainerItemProxy section */
		228739A61899C41E00A88A1F /* PBXContainerItemProxy */ = {
			isa = PBXContainerItemProxy;
			containerPortal = 22B261F4188F29750007D0D4 /* Project object */;
			proxyType = 1;
			remoteGlobalIDString = 228739961899C29300A88A1F;
			remoteInfo = RWUIControlsResources;
		};
		22B26212188F29750007D0D4 /* PBXContainerItemProxy */ = {
			isa = PBXContainerItemProxy;
			containerPortal = 22B261F4188F29750007D0D4 /* Project object */;
			proxyType = 1;
			remoteGlobalIDString = 22B261FB188F29750007D0D4;
			remoteInfo = RWUIControls;
		};
		22F3A8D11891C2230012391C /* PBXContainerItemProxy */ = {
			isa = PBXContainerItemProxy;
			containerPortal = 22B261F4188F29750007D0D4 /* Project object */;
			proxyType = 1;
			remoteGlobalIDString = 22B261FB188F29750007D0D4;
			remoteInfo = RWUIControls;
		};
/* End PBXContainerItemProxy section */

/* Begin PBXCopyFilesBuildPhase section */
		22B261FA188F29750007D0D4 /* CopyFiles */ = {
			isa = PBXCopyFilesBuildPhase;
			buildActionMask = 2147483647;
			dstPath = "include/$(PRODUCT_NAME)";
			dstSubfolderSpec = 16;
			files = (
				22DB6CD4188F372A0017A414 /* RWUIControls.h in CopyFiles */,
				22DB6CD5188F372A0017A414 /* RWKnobControl.h in CopyFiles */,
			);
			runOnlyForDeploymentPostprocessing = 0;
		};
/* End PBXCopyFilesBuildPhase section */

/* Begin PBXFileReference section */
		2287398D1899B9FB00A88A1F /* RWRibbon.png */ = {isa = PBXFileReference; lastKnownFileType = image.png; path = RWRibbon.png; sourceTree = "<group>"; };
		2287398E1899BAFC00A88A1F /* RWRibbon@2x.png */ = {isa = PBXFileReference; lastKnownFileType = image.png; path = "RWRibbon@2x.png"; sourceTree = "<group>"; };
		228739971899C29300A88A1F /* RWUIControls.bundle */ = {isa = PBXFileReference; explicitFileType = wrapper.cfbundle; includeInIndex = 0; path = RWUIControls.bundle; sourceTree = BUILT_PRODUCTS_DIR; };
		228739981899C29300A88A1F /* CoreFoundation.framework */ = {isa = PBXFileReference; lastKnownFileType = wrapper.framework; name = CoreFoundation.framework; path = System/Library/Frameworks/CoreFoundation.framework; sourceTree = SDKROOT; };
		2287399C1899C29300A88A1F /* RWUIControlsResources-Info.plist */ = {isa = PBXFileReference; lastKnownFileType = text.plist.xml; path = "RWUIControlsResources-Info.plist"; sourceTree = "<group>"; };
		2287399E1899C29300A88A1F /* en */ = {isa = PBXFileReference; lastKnownFileType = text.plist.strings; name = en; path = en.lproj/InfoPlist.strings; sourceTree = "<group>"; };
		228739A01899C29300A88A1F /* RWUIControlsResources-Prefix.pch */ = {isa = PBXFileReference; lastKnownFileType = sourcecode.c.h; path = "RWUIControlsResources-Prefix.pch"; sourceTree = "<group>"; };
		22B261FC188F29750007D0D4 /* libRWUIControls.a */ = {isa = PBXFileReference; explicitFileType = archive.ar; includeInIndex = 0; path = libRWUIControls.a; sourceTree = BUILT_PRODUCTS_DIR; };
		22B261FF188F29750007D0D4 /* Foundation.framework */ = {isa = PBXFileReference; lastKnownFileType = wrapper.framework; name = Foundation.framework; path = System/Library/Frameworks/Foundation.framework; sourceTree = SDKROOT; };
		22B26203188F29750007D0D4 /* RWUIControls-Prefix.pch */ = {isa = PBXFileReference; lastKnownFileType = sourcecode.c.h; path = "RWUIControls-Prefix.pch"; sourceTree = "<group>"; };
		22B26204188F29750007D0D4 /* RWUIControls.h */ = {isa = PBXFileReference; lastKnownFileType = sourcecode.c.h; path = RWUIControls.h; sourceTree = "<group>"; };
		22B2620C188F29750007D0D4 /* RWUIControlsTests.xctest */ = {isa = PBXFileReference; explicitFileType = wrapper.cfbundle; includeInIndex = 0; path = RWUIControlsTests.xctest; sourceTree = BUILT_PRODUCTS_DIR; };
		22B2620D188F29750007D0D4 /* XCTest.framework */ = {isa = PBXFileReference; lastKnownFileType = wrapper.framework; name = XCTest.framework; path = Library/Frameworks/XCTest.framework; sourceTree = DEVELOPER_DIR; };
		22B26217188F29750007D0D4 /* RWUIControlsTests-Info.plist */ = {isa = PBXFileReference; lastKnownFileType = text.plist.xml; path = "RWUIControlsTests-Info.plist"; sourceTree = "<group>"; };
		22B26219188F29750007D0D4 /* en */ = {isa = PBXFileReference; lastKnownFileType = text.plist.strings; name = en; path = en.lproj/InfoPlist.strings; sourceTree = "<group>"; };
		22B2621B188F29750007D0D4 /* RWUIControlsTests.m */ = {isa = PBXFileReference; lastKnownFileType = sourcecode.c.objc; path = RWUIControlsTests.m; sourceTree = "<group>"; };
		22B26225188F2A140007D0D4 /* UIKit.framework */ = {isa = PBXFileReference; lastKnownFileType = wrapper.framework; name = UIKit.framework; path = System/Library/Frameworks/UIKit.framework; sourceTree = SDKROOT; };
		22B2622A188F2BD50007D0D4 /* RWKnobControl.h */ = {isa = PBXFileReference; fileEncoding = 4; lastKnownFileType = sourcecode.c.h; path = RWKnobControl.h; sourceTree = "<group>"; };
		22B2622B188F2BD50007D0D4 /* RWKnobControl.m */ = {isa = PBXFileReference; fileEncoding = 4; lastKnownFileType = sourcecode.c.objc; path = RWKnobControl.m; sourceTree = "<group>"; };
		22B2622C188F2BD50007D0D4 /* RWKnobRenderer.h */ = {isa = PBXFileReference; fileEncoding = 4; lastKnownFileType = sourcecode.c.h; path = RWKnobRenderer.h; sourceTree = "<group>"; };
		22B2622D188F2BD50007D0D4 /* RWKnobRenderer.m */ = {isa = PBXFileReference; fileEncoding = 4; lastKnownFileType = sourcecode.c.objc; path = RWKnobRenderer.m; sourceTree = "<group>"; };
		22B2622E188F2BD50007D0D4 /* RWRotationGestureRecognizer.h */ = {isa = PBXFileReference; fileEncoding = 4; lastKnownFileType = sourcecode.c.h; path = RWRotationGestureRecognizer.h; sourceTree = "<group>"; };
		22B2622F188F2BD50007D0D4 /* RWRotationGestureRecognizer.m */ = {isa = PBXFileReference; fileEncoding = 4; lastKnownFileType = sourcecode.c.objc; path = RWRotationGestureRecognizer.m; sourceTree = "<group>"; };
		22F3A8E11899AFE30012391C /* RWRibbonView.h */ = {isa = PBXFileReference; fileEncoding = 4; lastKnownFileType = sourcecode.c.h; path = RWRibbonView.h; sourceTree = "<group>"; };
		22F3A8E21899AFE30012391C /* RWRibbonView.m */ = {isa = PBXFileReference; fileEncoding = 4; lastKnownFileType = sourcecode.c.objc; path = RWRibbonView.m; sourceTree = "<group>"; };
/* End PBXFileReference section */

/* Begin PBXFrameworksBuildPhase section */
		228739941899C29300A88A1F /* Frameworks */ = {
			isa = PBXFrameworksBuildPhase;
			buildActionMask = 2147483647;
			files = (
				228739991899C29300A88A1F /* CoreFoundation.framework in Frameworks */,
			);
			runOnlyForDeploymentPostprocessing = 0;
		};
		22B261F9188F29750007D0D4 /* Frameworks */ = {
			isa = PBXFrameworksBuildPhase;
			buildActionMask = 2147483647;
			files = (
				22B26226188F2A140007D0D4 /* UIKit.framework in Frameworks */,
				22B26200188F29750007D0D4 /* Foundation.framework in Frameworks */,
			);
			runOnlyForDeploymentPostprocessing = 0;
		};
		22B26209188F29750007D0D4 /* Frameworks */ = {
			isa = PBXFrameworksBuildPhase;
			buildActionMask = 2147483647;
			files = (
				22B2620E188F29750007D0D4 /* XCTest.framework in Frameworks */,
				22B26214188F29750007D0D4 /* libRWUIControls.a in Frameworks */,
				22B2620F188F29750007D0D4 /* Foundation.framework in Frameworks */,
			);
			runOnlyForDeploymentPostprocessing = 0;
		};
/* End PBXFrameworksBuildPhase section */

/* Begin PBXGroup section */
		2287399A1899C29300A88A1F /* RWUIControlsResources */ = {
			isa = PBXGroup;
			children = (
				2287399B1899C29300A88A1F /* Supporting Files */,
			);
			path = RWUIControlsResources;
			sourceTree = "<group>";
		};
		2287399B1899C29300A88A1F /* Supporting Files */ = {
			isa = PBXGroup;
			children = (
				2287399C1899C29300A88A1F /* RWUIControlsResources-Info.plist */,
				2287399D1899C29300A88A1F /* InfoPlist.strings */,
				228739A01899C29300A88A1F /* RWUIControlsResources-Prefix.pch */,
			);
			name = "Supporting Files";
			sourceTree = "<group>";
		};
		22B261F3188F29750007D0D4 = {
			isa = PBXGroup;
			children = (
				22B26201188F29750007D0D4 /* RWUIControls */,
				22B26215188F29750007D0D4 /* RWUIControlsTests */,
				2287399A1899C29300A88A1F /* RWUIControlsResources */,
				22B261FE188F29750007D0D4 /* Frameworks */,
				22B261FD188F29750007D0D4 /* Products */,
			);
			sourceTree = "<group>";
		};
		22B261FD188F29750007D0D4 /* Products */ = {
			isa = PBXGroup;
			children = (
				22B261FC188F29750007D0D4 /* libRWUIControls.a */,
				22B2620C188F29750007D0D4 /* RWUIControlsTests.xctest */,
				228739971899C29300A88A1F /* RWUIControls.bundle */,
			);
			name = Products;
			sourceTree = "<group>";
		};
		22B261FE188F29750007D0D4 /* Frameworks */ = {
			isa = PBXGroup;
			children = (
				22B26225188F2A140007D0D4 /* UIKit.framework */,
				22B261FF188F29750007D0D4 /* Foundation.framework */,
				22B2620D188F29750007D0D4 /* XCTest.framework */,
				228739981899C29300A88A1F /* CoreFoundation.framework */,
			);
			name = Frameworks;
			sourceTree = "<group>";
		};
		22B26201188F29750007D0D4 /* RWUIControls */ = {
			isa = PBXGroup;
			children = (
				22F3A8DC189844B70012391C /* Ribbon Control */,
				22B26204188F29750007D0D4 /* RWUIControls.h */,
				22B26229188F2BB60007D0D4 /* Knob Control */,
				22B26202188F29750007D0D4 /* Supporting Files */,
			);
			path = RWUIControls;
			sourceTree = "<group>";
		};
		22B26202188F29750007D0D4 /* Supporting Files */ = {
			isa = PBXGroup;
			children = (
				22B26203188F29750007D0D4 /* RWUIControls-Prefix.pch */,
			);
			name = "Supporting Files";
			sourceTree = "<group>";
		};
		22B26215188F29750007D0D4 /* RWUIControlsTests */ = {
			isa = PBXGroup;
			children = (
				22B2621B188F29750007D0D4 /* RWUIControlsTests.m */,
				22B26216188F29750007D0D4 /* Supporting Files */,
			);
			path = RWUIControlsTests;
			sourceTree = "<group>";
		};
		22B26216188F29750007D0D4 /* Supporting Files */ = {
			isa = PBXGroup;
			children = (
				22B26217188F29750007D0D4 /* RWUIControlsTests-Info.plist */,
				22B26218188F29750007D0D4 /* InfoPlist.strings */,
			);
			name = "Supporting Files";
			sourceTree = "<group>";
		};
		22B26229188F2BB60007D0D4 /* Knob Control */ = {
			isa = PBXGroup;
			children = (
				22B2622A188F2BD50007D0D4 /* RWKnobControl.h */,
				22B2622B188F2BD50007D0D4 /* RWKnobControl.m */,
				22B2622C188F2BD50007D0D4 /* RWKnobRenderer.h */,
				22B2622D188F2BD50007D0D4 /* RWKnobRenderer.m */,
				22B2622E188F2BD50007D0D4 /* RWRotationGestureRecognizer.h */,
				22B2622F188F2BD50007D0D4 /* RWRotationGestureRecognizer.m */,
			);
			name = "Knob Control";
			sourceTree = "<group>";
		};
		22F3A8DC189844B70012391C /* Ribbon Control */ = {
			isa = PBXGroup;
			children = (
				2287398E1899BAFC00A88A1F /* RWRibbon@2x.png */,
				2287398D1899B9FB00A88A1F /* RWRibbon.png */,
				22F3A8E11899AFE30012391C /* RWRibbonView.h */,
				22F3A8E21899AFE30012391C /* RWRibbonView.m */,
			);
			name = "Ribbon Control";
			sourceTree = "<group>";
		};
/* End PBXGroup section */

/* Begin PBXHeadersBuildPhase section */
		22B26227188F2A950007D0D4 /* Headers */ = {
			isa = PBXHeadersBuildPhase;
			buildActionMask = 2147483647;
			files = (
				22F3A8E31899AFE30012391C /* RWRibbonView.h in Headers */,
				22B26228188F2AB20007D0D4 /* RWUIControls.h in Headers */,
				22B26232188F2BD50007D0D4 /* RWKnobRenderer.h in Headers */,
				22B26230188F2BD50007D0D4 /* RWKnobControl.h in Headers */,
				22B26234188F2BD50007D0D4 /* RWRotationGestureRecognizer.h in Headers */,
			);
			runOnlyForDeploymentPostprocessing = 0;
		};
/* End PBXHeadersBuildPhase section */

/* Begin PBXNativeTarget section */
		228739961899C29300A88A1F /* RWUIControlsResources */ = {
			isa = PBXNativeTarget;
			buildConfigurationList = 228739A11899C29300A88A1F /* Build configuration list for PBXNativeTarget "RWUIControlsResources" */;
			buildPhases = (
				228739931899C29300A88A1F /* Sources */,
				228739941899C29300A88A1F /* Frameworks */,
				228739951899C29300A88A1F /* Resources */,
			);
			buildRules = (
			);
			dependencies = (
			);
			name = RWUIControlsResources;
			productName = RWUIControlsResources;
			productReference = 228739971899C29300A88A1F /* RWUIControls.bundle */;
			productType = "com.apple.product-type.bundle";
		};
		22B261FB188F29750007D0D4 /* RWUIControls */ = {
			isa = PBXNativeTarget;
			buildConfigurationList = 22B2621F188F29750007D0D4 /* Build configuration list for PBXNativeTarget "RWUIControls" */;
			buildPhases = (
				22B261F8188F29750007D0D4 /* Sources */,
				22B261F9188F29750007D0D4 /* Frameworks */,
				22B261FA188F29750007D0D4 /* CopyFiles */,
				22B26227188F2A950007D0D4 /* Headers */,
				22F3A8CC1891BFB40012391C /* Build Framework */,
			);
			buildRules = (
			);
			dependencies = (
			);
			name = RWUIControls;
			productName = RWUIControls;
			productReference = 22B261FC188F29750007D0D4 /* libRWUIControls.a */;
			productType = "com.apple.product-type.library.static";
		};
		22B2620B188F29750007D0D4 /* RWUIControlsTests */ = {
			isa = PBXNativeTarget;
			buildConfigurationList = 22B26222188F29750007D0D4 /* Build configuration list for PBXNativeTarget "RWUIControlsTests" */;
			buildPhases = (
				22B26208188F29750007D0D4 /* Sources */,
				22B26209188F29750007D0D4 /* Frameworks */,
				22B2620A188F29750007D0D4 /* Resources */,
			);
			buildRules = (
			);
			dependencies = (
				22B26213188F29750007D0D4 /* PBXTargetDependency */,
			);
			name = RWUIControlsTests;
			productName = RWUIControlsTests;
			productReference = 22B2620C188F29750007D0D4 /* RWUIControlsTests.xctest */;
			productType = "com.apple.product-type.bundle.unit-test";
		};
/* End PBXNativeTarget section */

/* Begin PBXProject section */
		22B261F4188F29750007D0D4 /* Project object */ = {
			isa = PBXProject;
			attributes = {
				LastUpgradeCheck = 0500;
				ORGANIZATIONNAME = RayWenderlich;
			};
			buildConfigurationList = 22B261F7188F29750007D0D4 /* Build configuration list for PBXProject "RWUIControls" */;
			compatibilityVersion = "Xcode 3.2";
			developmentRegion = English;
			hasScannedForEncodings = 0;
			knownRegions = (
				en,
			);
			mainGroup = 22B261F3188F29750007D0D4;
			productRefGroup = 22B261FD188F29750007D0D4 /* Products */;
			projectDirPath = "";
			projectRoot = "";
			targets = (
				22B261FB188F29750007D0D4 /* RWUIControls */,
				22B2620B188F29750007D0D4 /* RWUIControlsTests */,
				22F3A8CD1891C1C20012391C /* Framework */,
				228739961899C29300A88A1F /* RWUIControlsResources */,
			);
		};
/* End PBXProject section */

/* Begin PBXResourcesBuildPhase section */
		228739951899C29300A88A1F /* Resources */ = {
			isa = PBXResourcesBuildPhase;
			buildActionMask = 2147483647;
			files = (
				228739A51899C3D300A88A1F /* RWRibbon.png in Resources */,
				2287399F1899C29300A88A1F /* InfoPlist.strings in Resources */,
				228739A41899C3CF00A88A1F /* RWRibbon@2x.png in Resources */,
			);
			runOnlyForDeploymentPostprocessing = 0;
		};
		22B2620A188F29750007D0D4 /* Resources */ = {
			isa = PBXResourcesBuildPhase;
			buildActionMask = 2147483647;
			files = (
				22B2621A188F29750007D0D4 /* InfoPlist.strings in Resources */,
			);
			runOnlyForDeploymentPostprocessing = 0;
		};
/* End PBXResourcesBuildPhase section */

/* Begin PBXShellScriptBuildPhase section */
		22F3A8CC1891BFB40012391C /* Build Framework */ = {
			isa = PBXShellScriptBuildPhase;
			buildActionMask = 2147483647;
			files = (
			);
			inputPaths = (
			);
			name = "Build Framework";
			outputPaths = (
			);
			runOnlyForDeploymentPostprocessing = 0;
			shellPath = /bin/sh;
			shellScript = "set -e\n\nmkdir -p \"${BUILT_PRODUCTS_DIR}/${PRODUCT_NAME}.framework/Versions/A/Headers\"\n\n# Link the \"Current\" version to \"A\"\n/bin/ln -sfh A \"${BUILT_PRODUCTS_DIR}/${PRODUCT_NAME}.framework/Versions/Current\"\n/bin/ln -sfh Versions/Current/Headers \"${BUILT_PRODUCTS_DIR}/${PRODUCT_NAME}.framework/Headers\"\n/bin/ln -sfh \"Versions/Current/${PRODUCT_NAME}\" \"${BUILT_PRODUCTS_DIR}/${PRODUCT_NAME}.framework/${PRODUCT_NAME}\"\n\n# The -a ensures that the headers maintain the source modification date so that we don't constantly\n# cause propagating rebuilds of files that import these headers.\n/bin/cp -a \"${TARGET_BUILD_DIR}/${PUBLIC_HEADERS_FOLDER_PATH}/\" \"${BUILT_PRODUCTS_DIR}/${PRODUCT_NAME}.framework/Versions/A/Headers\"\n";
			showEnvVarsInLog = 0;
		};
		22F3A8D31891C2910012391C /* Build Other Platform */ = {
			isa = PBXShellScriptBuildPhase;
			buildActionMask = 2147483647;
			files = (
			);
			inputPaths = (
			);
			name = "Build Other Platform";
			outputPaths = (
			);
			runOnlyForDeploymentPostprocessing = 0;
			shellPath = /bin/sh;
			shellScript = "set -e\nset +u\n# Avoid recursively calling this script.\nif [[ $SF_MASTER_SCRIPT_RUNNING ]]\nthen\nexit 0\nfi\nset -u\nexport SF_MASTER_SCRIPT_RUNNING=1\n\nSF_TARGET_NAME=${PROJECT_NAME}\nSF_EXECUTABLE_PATH=\"lib${SF_TARGET_NAME}.a\"\nSF_WRAPPER_NAME=\"${SF_TARGET_NAME}.framework\"\n\n# The following conditionals come from\n# https://github.com/kstenerud/iOS-Universal-Framework\n\nif [[ \"$SDK_NAME\" =~ ([A-Za-z]+) ]]\nthen\nSF_SDK_PLATFORM=${BASH_REMATCH[1]}\nelse\necho \"Could not find platform name from SDK_NAME: $SDK_NAME\"\nexit 1\nfi\n\nif [[ \"$SDK_NAME\" =~ ([0-9]+.*$) ]]\nthen\nSF_SDK_VERSION=${BASH_REMATCH[1]}\nelse\necho \"Could not find sdk version from SDK_NAME: $SDK_NAME\"\nexit 1\nfi\n\nif [[ \"$SF_SDK_PLATFORM\" = \"iphoneos\" ]]\nthen\nSF_OTHER_PLATFORM=iphonesimulator\nelse\nSF_OTHER_PLATFORM=iphoneos\nfi\n\nif [[ \"$SF_OTHER_PLATFORM\" = \"iphonesimulator\" ]]\nthen\nSF_ARCH=\"-arch i386\"\nelse\nSF_ARCH=\"\"\nfi\n\n\nif [[ \"$BUILT_PRODUCTS_DIR\" =~ (.*)$SF_SDK_PLATFORM$ ]]\nthen\nSF_OTHER_BUILT_PRODUCTS_DIR=\"${BASH_REMATCH[1]}${SF_OTHER_PLATFORM}\"\nelse\necho \"Could not find platform name from build products directory: $BUILT_PRODUCTS_DIR\"\nexit 1\nfi\n\n# Build the other platform.\necho \"xcodebuild -project ${PROJECT_FILE_PATH} -target ${TARGET_NAME} -configuration ${CONFIGURATION} -sdk ${SF_OTHER_PLATFORM}${SF_SDK_VERSION} BUILD_DIR=${BUILD_DIR} OBJROOT=${OBJROOT} BUILD_ROOT=${BUILD_ROOT} SYMROOT=${SYMROOT} ${SF_ARCH} $ACTION\"\n\nxcodebuild -project \"${PROJECT_FILE_PATH}\" -target \"${TARGET_NAME}\" -configuration \"${CONFIGURATION}\" -sdk ${SF_OTHER_PLATFORM}${SF_SDK_VERSION} BUILD_DIR=\"${BUILD_DIR}\" OBJROOT=\"${OBJROOT}\" BUILD_ROOT=\"${BUILD_ROOT}\" SYMROOT=\"${SYMROOT}\" ${SF_ARCH} $ACTION\n\n\n\n# Smash the two static libraries into one fat binary and store it in the .framework\nlipo -create \"${BUILT_PRODUCTS_DIR}/${SF_EXECUTABLE_PATH}\" \"${SF_OTHER_BUILT_PRODUCTS_DIR}/${SF_EXECUTABLE_PATH}\" -output \"${BUILT_PRODUCTS_DIR}/${SF_WRAPPER_NAME}/Versions/A/${SF_TARGET_NAME}\"\n\n# Copy the binary to the other architecture folder to have a complete framework in both.\ncp -a \"${BUILT_PRODUCTS_DIR}/${SF_WRAPPER_NAME}/Versions/A/${SF_TARGET_NAME}\" \"${SF_OTHER_BUILT_PRODUCTS_DIR}/${SF_WRAPPER_NAME}/Versions/A/${SF_TARGET_NAME}\"\n";
			showEnvVarsInLog = 0;
		};
/* End PBXShellScriptBuildPhase section */

/* Begin PBXSourcesBuildPhase section */
		228739931899C29300A88A1F /* Sources */ = {
			isa = PBXSourcesBuildPhase;
			buildActionMask = 2147483647;
			files = (
			);
			runOnlyForDeploymentPostprocessing = 0;
		};
		22B261F8188F29750007D0D4 /* Sources */ = {
			isa = PBXSourcesBuildPhase;
			buildActionMask = 2147483647;
			files = (
				22B26231188F2BD50007D0D4 /* RWKnobControl.m in Sources */,
				22F3A8E41899AFE30012391C /* RWRibbonView.m in Sources */,
				22B26235188F2BD50007D0D4 /* RWRotationGestureRecognizer.m in Sources */,
				22B26233188F2BD50007D0D4 /* RWKnobRenderer.m in Sources */,
			);
			runOnlyForDeploymentPostprocessing = 0;
		};
		22B26208188F29750007D0D4 /* Sources */ = {
			isa = PBXSourcesBuildPhase;
			buildActionMask = 2147483647;
			files = (
				22B2621C188F29750007D0D4 /* RWUIControlsTests.m in Sources */,
			);
			runOnlyForDeploymentPostprocessing = 0;
		};
/* End PBXSourcesBuildPhase section */

/* Begin PBXTargetDependency section */
		228739A71899C41E00A88A1F /* PBXTargetDependency */ = {
			isa = PBXTargetDependency;
			target = 228739961899C29300A88A1F /* RWUIControlsResources */;
			targetProxy = 228739A61899C41E00A88A1F /* PBXContainerItemProxy */;
		};
		22B26213188F29750007D0D4 /* PBXTargetDependency */ = {
			isa = PBXTargetDependency;
			target = 22B261FB188F29750007D0D4 /* RWUIControls */;
			targetProxy = 22B26212188F29750007D0D4 /* PBXContainerItemProxy */;
		};
		22F3A8D21891C2230012391C /* PBXTargetDependency */ = {
			isa = PBXTargetDependency;
			target = 22B261FB188F29750007D0D4 /* RWUIControls */;
			targetProxy = 22F3A8D11891C2230012391C /* PBXContainerItemProxy */;
		};
/* End PBXTargetDependency section */

/* Begin PBXVariantGroup section */
		2287399D1899C29300A88A1F /* InfoPlist.strings */ = {
			isa = PBXVariantGroup;
			children = (
				2287399E1899C29300A88A1F /* en */,
			);
			name = InfoPlist.strings;
			sourceTree = "<group>";
		};
		22B26218188F29750007D0D4 /* InfoPlist.strings */ = {
			isa = PBXVariantGroup;
			children = (
				22B26219188F29750007D0D4 /* en */,
			);
			name = InfoPlist.strings;
			sourceTree = "<group>";
		};
/* End PBXVariantGroup section */

/* Begin XCBuildConfiguration section */
		228739A21899C29300A88A1F /* Debug */ = {
			isa = XCBuildConfiguration;
			buildSettings = {
				GCC_ENABLE_OBJC_EXCEPTIONS = YES;
				GCC_PRECOMPILE_PREFIX_HEADER = YES;
				GCC_PREFIX_HEADER = "RWUIControlsResources/RWUIControlsResources-Prefix.pch";
				GCC_PREPROCESSOR_DEFINITIONS = (
					"DEBUG=1",
					"$(inherited)",
				);
				INFOPLIST_FILE = "RWUIControlsResources/RWUIControlsResources-Info.plist";
				INSTALL_PATH = "$(LOCAL_LIBRARY_DIR)/Bundles";
				MACOSX_DEPLOYMENT_TARGET = 10.9;
				PRODUCT_NAME = RWUIControls;
				WRAPPER_EXTENSION = bundle;
			};
			name = Debug;
		};
		228739A31899C29300A88A1F /* Release */ = {
			isa = XCBuildConfiguration;
			buildSettings = {
				DEBUG_INFORMATION_FORMAT = "dwarf-with-dsym";
				GCC_ENABLE_OBJC_EXCEPTIONS = YES;
				GCC_PRECOMPILE_PREFIX_HEADER = YES;
				GCC_PREFIX_HEADER = "RWUIControlsResources/RWUIControlsResources-Prefix.pch";
				INFOPLIST_FILE = "RWUIControlsResources/RWUIControlsResources-Info.plist";
				INSTALL_PATH = "$(LOCAL_LIBRARY_DIR)/Bundles";
				MACOSX_DEPLOYMENT_TARGET = 10.9;
				PRODUCT_NAME = RWUIControls;
				WRAPPER_EXTENSION = bundle;
			};
			name = Release;
		};
		22B2621D188F29750007D0D4 /* Debug */ = {
			isa = XCBuildConfiguration;
			buildSettings = {
				ALWAYS_SEARCH_USER_PATHS = NO;
				ARCHS = "$(ARCHS_STANDARD_INCLUDING_64_BIT)";
				CLANG_CXX_LANGUAGE_STANDARD = "gnu++0x";
				CLANG_CXX_LIBRARY = "libc++";
				CLANG_ENABLE_MODULES = YES;
				CLANG_ENABLE_OBJC_ARC = YES;
				CLANG_WARN_BOOL_CONVERSION = YES;
				CLANG_WARN_CONSTANT_CONVERSION = YES;
				CLANG_WARN_DIRECT_OBJC_ISA_USAGE = YES_ERROR;
				CLANG_WARN_EMPTY_BODY = YES;
				CLANG_WARN_ENUM_CONVERSION = YES;
				CLANG_WARN_INT_CONVERSION = YES;
				CLANG_WARN_OBJC_ROOT_CLASS = YES_ERROR;
				CLANG_WARN__DUPLICATE_METHOD_MATCH = YES;
				COPY_PHASE_STRIP = NO;
				GCC_C_LANGUAGE_STANDARD = gnu99;
				GCC_DYNAMIC_NO_PIC = NO;
				GCC_OPTIMIZATION_LEVEL = 0;
				GCC_PREPROCESSOR_DEFINITIONS = (
					"DEBUG=1",
					"$(inherited)",
				);
				GCC_SYMBOLS_PRIVATE_EXTERN = NO;
				GCC_WARN_64_TO_32_BIT_CONVERSION = YES;
				GCC_WARN_ABOUT_RETURN_TYPE = YES_ERROR;
				GCC_WARN_UNDECLARED_SELECTOR = YES;
				GCC_WARN_UNINITIALIZED_AUTOS = YES;
				GCC_WARN_UNUSED_FUNCTION = YES;
				GCC_WARN_UNUSED_VARIABLE = YES;
				IPHONEOS_DEPLOYMENT_TARGET = 7.0;
				ONLY_ACTIVE_ARCH = YES;
				SDKROOT = iphoneos;
			};
			name = Debug;
		};
		22B2621E188F29750007D0D4 /* Release */ = {
			isa = XCBuildConfiguration;
			buildSettings = {
				ALWAYS_SEARCH_USER_PATHS = NO;
				ARCHS = "$(ARCHS_STANDARD_INCLUDING_64_BIT)";
				CLANG_CXX_LANGUAGE_STANDARD = "gnu++0x";
				CLANG_CXX_LIBRARY = "libc++";
				CLANG_ENABLE_MODULES = YES;
				CLANG_ENABLE_OBJC_ARC = YES;
				CLANG_WARN_BOOL_CONVERSION = YES;
				CLANG_WARN_CONSTANT_CONVERSION = YES;
				CLANG_WARN_DIRECT_OBJC_ISA_USAGE = YES_ERROR;
				CLANG_WARN_EMPTY_BODY = YES;
				CLANG_WARN_ENUM_CONVERSION = YES;
				CLANG_WARN_INT_CONVERSION = YES;
				CLANG_WARN_OBJC_ROOT_CLASS = YES_ERROR;
				CLANG_WARN__DUPLICATE_METHOD_MATCH = YES;
				COPY_PHASE_STRIP = YES;
				ENABLE_NS_ASSERTIONS = NO;
				GCC_C_LANGUAGE_STANDARD = gnu99;
				GCC_WARN_64_TO_32_BIT_CONVERSION = YES;
				GCC_WARN_ABOUT_RETURN_TYPE = YES_ERROR;
				GCC_WARN_UNDECLARED_SELECTOR = YES;
				GCC_WARN_UNINITIALIZED_AUTOS = YES;
				GCC_WARN_UNUSED_FUNCTION = YES;
				GCC_WARN_UNUSED_VARIABLE = YES;
				IPHONEOS_DEPLOYMENT_TARGET = 7.0;
				SDKROOT = iphoneos;
				VALIDATE_PRODUCT = YES;
			};
			name = Release;
		};
		22B26220188F29750007D0D4 /* Debug */ = {
			isa = XCBuildConfiguration;
			buildSettings = {
				COPY_PHASE_STRIP = NO;
				DEAD_CODE_STRIPPING = NO;
				DSTROOT = /tmp/RWUIControls.dst;
				GCC_PRECOMPILE_PREFIX_HEADER = YES;
				GCC_PREFIX_HEADER = "RWUIControls/RWUIControls-Prefix.pch";
				OTHER_LDFLAGS = "-ObjC";
				PRODUCT_NAME = "$(TARGET_NAME)";
				PUBLIC_HEADERS_FOLDER_PATH = "$(PROJECT_NAME)Headers";
				SKIP_INSTALL = YES;
				STRIP_STYLE = "non-global";
			};
			name = Debug;
		};
		22B26221188F29750007D0D4 /* Release */ = {
			isa = XCBuildConfiguration;
			buildSettings = {
				COPY_PHASE_STRIP = NO;
				DEAD_CODE_STRIPPING = NO;
				DSTROOT = /tmp/RWUIControls.dst;
				GCC_PRECOMPILE_PREFIX_HEADER = YES;
				GCC_PREFIX_HEADER = "RWUIControls/RWUIControls-Prefix.pch";
				OTHER_LDFLAGS = "-ObjC";
				PRODUCT_NAME = "$(TARGET_NAME)";
				PUBLIC_HEADERS_FOLDER_PATH = "$(PROJECT_NAME)Headers";
				SKIP_INSTALL = YES;
				STRIP_STYLE = "non-global";
			};
			name = Release;
		};
		22B26223188F29750007D0D4 /* Debug */ = {
			isa = XCBuildConfiguration;
			buildSettings = {
				ARCHS = "$(ARCHS_STANDARD_INCLUDING_64_BIT)";
				FRAMEWORK_SEARCH_PATHS = (
					"$(SDKROOT)/Developer/Library/Frameworks",
					"$(inherited)",
					"$(DEVELOPER_FRAMEWORKS_DIR)",
				);
				GCC_PRECOMPILE_PREFIX_HEADER = YES;
				GCC_PREFIX_HEADER = "RWUIControls/RWUIControls-Prefix.pch";
				GCC_PREPROCESSOR_DEFINITIONS = (
					"DEBUG=1",
					"$(inherited)",
				);
				INFOPLIST_FILE = "RWUIControlsTests/RWUIControlsTests-Info.plist";
				PRODUCT_NAME = "$(TARGET_NAME)";
				WRAPPER_EXTENSION = xctest;
			};
			name = Debug;
		};
		22B26224188F29750007D0D4 /* Release */ = {
			isa = XCBuildConfiguration;
			buildSettings = {
				ARCHS = "$(ARCHS_STANDARD_INCLUDING_64_BIT)";
				FRAMEWORK_SEARCH_PATHS = (
					"$(SDKROOT)/Developer/Library/Frameworks",
					"$(inherited)",
					"$(DEVELOPER_FRAMEWORKS_DIR)",
				);
				GCC_PRECOMPILE_PREFIX_HEADER = YES;
				GCC_PREFIX_HEADER = "RWUIControls/RWUIControls-Prefix.pch";
				INFOPLIST_FILE = "RWUIControlsTests/RWUIControlsTests-Info.plist";
				PRODUCT_NAME = "$(TARGET_NAME)";
				WRAPPER_EXTENSION = xctest;
			};
			name = Release;
		};
		22F3A8CF1891C1C20012391C /* Debug */ = {
			isa = XCBuildConfiguration;
			buildSettings = {
				PRODUCT_NAME = "$(TARGET_NAME)";
			};
			name = Debug;
		};
		22F3A8D01891C1C20012391C /* Release */ = {
			isa = XCBuildConfiguration;
			buildSettings = {
				PRODUCT_NAME = "$(TARGET_NAME)";
			};
			name = Release;
		};
/* End XCBuildConfiguration section */

/* Begin XCConfigurationList section */
		228739A11899C29300A88A1F /* Build configuration list for PBXNativeTarget "RWUIControlsResources" */ = {
			isa = XCConfigurationList;
			buildConfigurations = (
				228739A21899C29300A88A1F /* Debug */,
				228739A31899C29300A88A1F /* Release */,
			);
			defaultConfigurationIsVisible = 0;
			defaultConfigurationName = Release;
		};
		22B261F7188F29750007D0D4 /* Build configuration list for PBXProject "RWUIControls" */ = {
			isa = XCConfigurationList;
			buildConfigurations = (
				22B2621D188F29750007D0D4 /* Debug */,
				22B2621E188F29750007D0D4 /* Release */,
			);
			defaultConfigurationIsVisible = 0;
			defaultConfigurationName = Release;
		};
		22B2621F188F29750007D0D4 /* Build configuration list for PBXNativeTarget "RWUIControls" */ = {
			isa = XCConfigurationList;
			buildConfigurations = (
				22B26220188F29750007D0D4 /* Debug */,
				22B26221188F29750007D0D4 /* Release */,
			);
			defaultConfigurationIsVisible = 0;
			defaultConfigurationName = Release;
		};
		22B26222188F29750007D0D4 /* Build configuration list for PBXNativeTarget "RWUIControlsTests" */ = {
			isa = XCConfigurationList;
			buildConfigurations = (
				22B26223188F29750007D0D4 /* Debug */,
				22B26224188F29750007D0D4 /* Release */,
			);
			defaultConfigurationIsVisible = 0;
			defaultConfigurationName = Release;
		};
		22F3A8CE1891C1C20012391C /* Build configuration list for PBXAggregateTarget "Framework" */ = {
			isa = XCConfigurationList;
			buildConfigurations = (
				22F3A8CF1891C1C20012391C /* Debug */,
				22F3A8D01891C1C20012391C /* Release */,
			);
			defaultConfigurationIsVisible = 0;
			defaultConfigurationName = Release;
		};
/* End XCConfigurationList section */
	};
	rootObject = 22B261F4188F29750007D0D4 /* Project object */;
}
